<?xml version="1.0" encoding="utf-8"?>
<Project ToolsVersion="4.0" xmlns="http://schemas.microsoft.com/developer/msbuild/2003">
  <ItemGroup>
    <Filter Include="Source Files">
      <UniqueIdentifier>{4FC737F1-C7A5-4376-A066-2A32D752A2FF}</UniqueIdentifier>
      <Extensions>cpp;c;cc;cxx;def;odl;idl;hpj;bat;asm;asmx</Extensions>
    </Filter>
    <Filter Include="Resource Files">
      <UniqueIdentifier>{67DA6AB6-F800-4c08-8B7A-83BB121AAD01}</UniqueIdentifier>
      <Extensions>rc;ico;cur;bmp;dlg;rc2;rct;bin;rgs;gif;jpg;jpeg;jpe;resx;tiff;tif;png;wav;mfcribbon-ms</Extensions>
    </Filter>
    <Filter Include="shaders">
      <UniqueIdentifier>{006396d9-54ff-41d6-a599-68f4258785f2}</UniqueIdentifier>
    </Filter>
    <Filter Include="Header Files">
      <UniqueIdentifier>{93995380-89BD-4b04-88EB-625FBE52EBFB}</UniqueIdentifier>
      <Extensions>h;hh;hpp;hxx;hm;inl;inc;xsd</Extensions>
    </Filter>
    <Filter Include="Header Files\tests">
      <UniqueIdentifier>{93a5d573-4d1e-4fdf-b9dc-6003da1d97b3}</UniqueIdentifier>
    </Filter>
    <Filter Include="Source Files\JSON">
      <UniqueIdentifier>{e3cdf66e-053a-403a-b444-9c4fcfb0c3e9}</UniqueIdentifier>
    </Filter>
    <Filter Include="Header Files\JSON">
      <UniqueIdentifier>{83863065-496e-49c3-9bf6-2ec41b50297a}</UniqueIdentifier>
    </Filter>
    <Filter Include="Source Files\Client">
      <UniqueIdentifier>{b07c9c68-d2e9-4eb6-8d7c-a94b5e3eae47}</UniqueIdentifier>
    </Filter>
    <Filter Include="Header Files\Client">
      <UniqueIdentifier>{c431a563-cdef-4be0-96a7-fd8803092a92}</UniqueIdentifier>
    </Filter>
    <Filter Include="Source Files\Physics">
      <UniqueIdentifier>{1b868c23-4b0f-42d1-bc69-0fc686ed5144}</UniqueIdentifier>
    </Filter>
    <Filter Include="Header Files\Physics">
      <UniqueIdentifier>{4c87c57e-a3b8-4bcf-8e40-eb6a92141db4}</UniqueIdentifier>
    </Filter>
    <Filter Include="Source Files\Graphics">
      <UniqueIdentifier>{f3171aa8-57a7-48de-a769-26e58f211baf}</UniqueIdentifier>
    </Filter>
    <Filter Include="Header Files\Graphics">
      <UniqueIdentifier>{b60334d1-17dc-45f9-88fe-bb2a17544445}</UniqueIdentifier>
    </Filter>
    <Filter Include="Source Files\Engine">
      <UniqueIdentifier>{917efc5f-6792-41b6-b2a3-66d7fce437ee}</UniqueIdentifier>
    </Filter>
    <Filter Include="Header Files\Engine">
      <UniqueIdentifier>{92f9c842-22da-4a20-ab87-b22cd9f9a3cb}</UniqueIdentifier>
    </Filter>
    <Filter Include="Source Files\tests">
      <UniqueIdentifier>{92384d21-c449-4f02-8b41-c3d41fcb03aa}</UniqueIdentifier>
    </Filter>
  </ItemGroup>
  <ItemGroup>
    <ClCompile Include="src\main.cpp">
      <Filter>Source Files</Filter>
    </ClCompile>
    <ClCompile Include="src\JSON\JsonClass.cpp">
      <Filter>Source Files\JSON</Filter>
    </ClCompile>
    <ClCompile Include="src\JSON\UpdateManager.cpp">
      <Filter>Source Files\JSON</Filter>
    </ClCompile>
    <ClCompile Include="src\Client\Address.cpp">
      <Filter>Source Files\Client</Filter>
    </ClCompile>
    <ClCompile Include="src\Client\clientMain.cpp">
      <Filter>Source Files\Client</Filter>
    </ClCompile>
    <ClCompile Include="src\Client\Socket.cpp">
      <Filter>Source Files\Client</Filter>
    </ClCompile>
    <ClCompile Include="src\Physics\AABB.cpp">
      <Filter>Source Files\Physics</Filter>
    </ClCompile>
    <ClCompile Include="src\Physics\PhysicsMaths.cpp">
      <Filter>Source Files\Physics</Filter>
    </ClCompile>
    <ClCompile Include="src\Physics\PhysicsObject.cpp">
      <Filter>Source Files\Physics</Filter>
    </ClCompile>
    <ClCompile Include="src\Physics\Simulator.cpp">
      <Filter>Source Files\Physics</Filter>
    </ClCompile>
    <ClCompile Include="src\Client\Client.cpp">
      <Filter>Source Files\Client</Filter>
    </ClCompile>
    <ClCompile Include="src\Display.cpp">
      <Filter>Source Files\Engine</Filter>
    </ClCompile>
    <ClCompile Include="src\Game.cpp">
      <Filter>Source Files\Engine</Filter>
    </ClCompile>
    <ClCompile Include="src\GameObject.cpp">
      <Filter>Source Files\Engine</Filter>
    </ClCompile>
    <ClCompile Include="src\ImageLoader.cpp">
      <Filter>Source Files\Engine</Filter>
    </ClCompile>
    <ClCompile Include="src\LocationComponent.cpp">
      <Filter>Source Files\Engine</Filter>
    </ClCompile>
    <ClCompile Include="Dependencies\LodePNG\lodepng.cpp">
      <Filter>Source Files\Engine</Filter>
    </ClCompile>
    <ClCompile Include="src\ObjectManager.cpp">
      <Filter>Source Files\Engine</Filter>
    </ClCompile>
    <ClCompile Include="src\shader.cpp">
      <Filter>Source Files\Graphics</Filter>
    </ClCompile>
    <ClCompile Include="src\RenderableComponent.cpp">
      <Filter>Source Files\Graphics</Filter>
    </ClCompile>
    <ClCompile Include="tests\TestObjManager.cpp">
      <Filter>Source Files\tests</Filter>
    </ClCompile>
    <ClCompile Include="src\Texture.cpp">
      <Filter>Source Files\Graphics</Filter>
    </ClCompile>
    <ClCompile Include="src\Physics\PhysicsTest.cpp">
      <Filter>Source Files\tests</Filter>
    </ClCompile>
  </ItemGroup>
  <ItemGroup>
    <ClInclude Include="Dependencies\Catch\catch.hpp">
      <Filter>Header Files\tests</Filter>
    </ClInclude>
    <ClInclude Include="src\JSON\UpdateManager.hpp">
      <Filter>Header Files\JSON</Filter>
    </ClInclude>
    <ClInclude Include="src\Client\Address.hpp">
      <Filter>Header Files\Client</Filter>
    </ClInclude>
    <ClInclude Include="src\Client\Socket.hpp">
      <Filter>Header Files\Client</Filter>
    </ClInclude>
    <ClInclude Include="src\Physics\AABB.hpp">
      <Filter>Header Files\Physics</Filter>
    </ClInclude>
    <ClInclude Include="src\Physics\PhysicsMaths.hpp">
      <Filter>Header Files\Physics</Filter>
    </ClInclude>
    <ClInclude Include="src\Physics\PhysicsObject.hpp">
      <Filter>Header Files\Physics</Filter>
    </ClInclude>
    <ClInclude Include="src\Physics\Simulator.hpp">
      <Filter>Header Files\Physics</Filter>
    </ClInclude>
    <ClInclude Include="src\Client\Client.hpp">
      <Filter>Header Files\Client</Filter>
    </ClInclude>
    <ClInclude Include="src\Game.hpp">
      <Filter>Header Files\Graphics</Filter>
    </ClInclude>
    <ClInclude Include="src\RenderableComponent.hpp">
      <Filter>Header Files\Graphics</Filter>
    </ClInclude>
    <ClInclude Include="src\shader.hpp">
      <Filter>Header Files\Graphics</Filter>
    </ClInclude>
    <ClInclude Include="src\Common.hpp">
      <Filter>Header Files</Filter>
    </ClInclude>
    <ClInclude Include="src\CommonMinimal.hpp">
      <Filter>Header Files</Filter>
    </ClInclude>
    <ClInclude Include="src\Display.hpp">
      <Filter>Header Files\Engine</Filter>
    </ClInclude>
    <ClInclude Include="src\GameObject.hpp">
      <Filter>Header Files\Engine</Filter>
    </ClInclude>
    <ClInclude Include="src\LocationComponent.hpp">
      <Filter>Header Files\Engine</Filter>
    </ClInclude>
    <ClInclude Include="src\ImageLoader.hpp">
      <Filter>Header Files\Engine</Filter>
    </ClInclude>
    <ClInclude Include="src\ObjectManager.hpp">
      <Filter>Header Files\Engine</Filter>
    </ClInclude>
    <ClInclude Include="src\Texture.hpp">
      <Filter>Header Files\Graphics</Filter>
    </ClInclude>
  </ItemGroup>
  <ItemGroup>
    <None Include="default_shader.vs">
      <Filter>shaders</Filter>
    </None>
    <None Include="default_shader.fs">
      <Filter>shaders</Filter>
    </None>
    <None Include="src\Building-the-Matrix.vcxproj.filters" />
    <None Include="src\Building-the-Matrix.vcxproj" />
  </ItemGroup>
  <ItemGroup>
    <ResourceCompile Include="Building-the-Matrix.rc">
      <Filter>Resource Files</Filter>
    </ResourceCompile>
  </ItemGroup>
</Project>